
Microsoft Visual Studio Solution File, Format Version 12.00
# Visual Studio Version 16
VisualStudioVersion = 16.0.31613.86
MinimumVisualStudioVersion = 10.0.40219.1
Project("{FAE04EC0-301F-11D3-BF4B-00C04F79EFBC}") = "Learn-ASP.NETCore", "Learn-ASP.NETCore\Learn-ASP.NETCore.csproj", "{573EB895-4D93-42D4-81E8-90392E939A49}"
EndProject
Global
	GlobalSection(SolutionConfigurationPlatforms) = preSolution
		Debug|Any CPU = Debug|Any CPU
		Release|Any CPU = Release|Any CPU
	EndGlobalSection
	GlobalSection(ProjectConfigurationPlatforms) = postSolution
		{573EB895-4D93-42D4-81E8-90392E939A49}.Debug|Any CPU.ActiveCfg = Debug|Any CPU
		{573EB895-4D93-42D4-81E8-90392E939A49}.Debug|Any CPU.Build.0 = Debug|Any CPU
		{573EB895-4D93-42D4-81E8-90392E939A49}.Release|Any CPU.ActiveCfg = Release|Any CPU
		{573EB895-4D93-42D4-81E8-90392E939A49}.Release|Any CPU.Build.0 = Release|Any CPU
	EndGlobalSection
	GlobalSection(SolutionProperties) = preSolution
		HideSolutionNode = FALSE
	EndGlobalSection
	GlobalSection(ExtensibilityGlobals) = postSolution
		SolutionGuid = {CD610843-43D8-46FA-B916-A6F39F67D185}
	EndGlobalSection
EndGlobal
